
Microsoft Visual Studio Solution File, Format Version 12.00
# Visual Studio Version 16
VisualStudioVersion = 16.0.30605.207
MinimumVisualStudioVersion = 10.0.40219.1
Project("{9A19103F-16F7-4668-BE54-9A1E7A4F7556}") = "Strava.NET", "Strava.NET.csproj", "{BA7267C6-14AD-49A4-861C-B682E21E9D2A}"
EndProject
Project("{2150E333-8FDC-42A3-9474-1A3956D46DE8}") = "Workflows", "Workflows", "{D9D6E67D-9F10-4C9B-89E5-BEBC4AE2EC30}"
	ProjectSection(SolutionItems) = preProject
		..\.github\workflows\build.yml = ..\.github\workflows\build.yml
	EndProjectSection
EndProject
Global
	GlobalSection(SolutionConfigurationPlatforms) = preSolution
		Debug|Any CPU = Debug|Any CPU
		Release|Any CPU = Release|Any CPU
	EndGlobalSection
	GlobalSection(ProjectConfigurationPlatforms) = postSolution
		{BA7267C6-14AD-49A4-861C-B682E21E9D2A}.Debug|Any CPU.ActiveCfg = Debug|Any CPU
		{BA7267C6-14AD-49A4-861C-B682E21E9D2A}.Debug|Any CPU.Build.0 = Debug|Any CPU
		{BA7267C6-14AD-49A4-861C-B682E21E9D2A}.Release|Any CPU.ActiveCfg = Release|Any CPU
		{BA7267C6-14AD-49A4-861C-B682E21E9D2A}.Release|Any CPU.Build.0 = Release|Any CPU
	EndGlobalSection
	GlobalSection(SolutionProperties) = preSolution
		HideSolutionNode = FALSE
	EndGlobalSection
	GlobalSection(ExtensibilityGlobals) = postSolution
		SolutionGuid = {4FA6A234-2F17-496D-86E9-DBDAA67575A8}
	EndGlobalSection
EndGlobal
